
Microsoft Visual Studio Solution File, Format Version 12.00
# Visual Studio 15
VisualStudioVersion = 15.0.28010.2036
MinimumVisualStudioVersion = 10.0.40219.1
Project("{FAE04EC0-301F-11D3-BF4B-00C04F79EFBC}") = "WebAPI_MongoBD", "WebAPI_MongoBD\WebAPI_MongoBD.csproj", "{A6FB4582-3DA6-4400-B54D-03DDB23C9CE1}"
EndProject
Global
	GlobalSection(SolutionConfigurationPlatforms) = preSolution
		Debug|Any CPU = Debug|Any CPU
		Release|Any CPU = Release|Any CPU
	EndGlobalSection
	GlobalSection(ProjectConfigurationPlatforms) = postSolution
		{A6FB4582-3DA6-4400-B54D-03DDB23C9CE1}.Debug|Any CPU.ActiveCfg = Debug|Any CPU
		{A6FB4582-3DA6-4400-B54D-03DDB23C9CE1}.Debug|Any CPU.Build.0 = Debug|Any CPU
		{A6FB4582-3DA6-4400-B54D-03DDB23C9CE1}.Release|Any CPU.ActiveCfg = Release|Any CPU
		{A6FB4582-3DA6-4400-B54D-03DDB23C9CE1}.Release|Any CPU.Build.0 = Release|Any CPU
	EndGlobalSection
	GlobalSection(SolutionProperties) = preSolution
		HideSolutionNode = FALSE
	EndGlobalSection
	GlobalSection(ExtensibilityGlobals) = postSolution
		SolutionGuid = {67D7E662-DD8C-492C-A92B-19E0FBB5C349}
	EndGlobalSection
EndGlobal
